
Microsoft Visual Studio Solution File, Format Version 12.00
# Visual Studio Version 17
VisualStudioVersion = 17.6.33815.320
MinimumVisualStudioVersion = 10.0.40219.1
Project("{FAE04EC0-301F-11D3-BF4B-00C04F79EFBC}") = "E_film_ticket", "E_film_ticket\E_film_ticket.csproj", "{EFB9E5AE-BE72-403E-BF26-9532C0B20FC2}"
EndProject
Global
	GlobalSection(SolutionConfigurationPlatforms) = preSolution
		Debug|Any CPU = Debug|Any CPU
		Release|Any CPU = Release|Any CPU
	EndGlobalSection
	GlobalSection(ProjectConfigurationPlatforms) = postSolution
		{EFB9E5AE-BE72-403E-BF26-9532C0B20FC2}.Debug|Any CPU.ActiveCfg = Debug|Any CPU
		{EFB9E5AE-BE72-403E-BF26-9532C0B20FC2}.Debug|Any CPU.Build.0 = Debug|Any CPU
		{EFB9E5AE-BE72-403E-BF26-9532C0B20FC2}.Release|Any CPU.ActiveCfg = Release|Any CPU
		{EFB9E5AE-BE72-403E-BF26-9532C0B20FC2}.Release|Any CPU.Build.0 = Release|Any CPU
	EndGlobalSection
	GlobalSection(SolutionProperties) = preSolution
		HideSolutionNode = FALSE
	EndGlobalSection
	GlobalSection(ExtensibilityGlobals) = postSolution
		SolutionGuid = {B1237C98-FA16-4FC4-8562-5A342077640C}
	EndGlobalSection
EndGlobal
